
Microsoft Visual Studio Solution File, Format Version 12.00
# Visual Studio Version 17
VisualStudioVersion = 17.8.34322.80
MinimumVisualStudioVersion = 10.0.40219.1
Project("{FAE04EC0-301F-11D3-BF4B-00C04F79EFBC}") = "Biggest3", "Biggest3\Biggest3.csproj", "{C25F965D-8B37-4644-A2D5-2C879D57CF68}"
EndProject
Global
	GlobalSection(SolutionConfigurationPlatforms) = preSolution
		Debug|Any CPU = Debug|Any CPU
		Release|Any CPU = Release|Any CPU
	EndGlobalSection
	GlobalSection(ProjectConfigurationPlatforms) = postSolution
		{C25F965D-8B37-4644-A2D5-2C879D57CF68}.Debug|Any CPU.ActiveCfg = Debug|Any CPU
		{C25F965D-8B37-4644-A2D5-2C879D57CF68}.Debug|Any CPU.Build.0 = Debug|Any CPU
		{C25F965D-8B37-4644-A2D5-2C879D57CF68}.Release|Any CPU.ActiveCfg = Release|Any CPU
		{C25F965D-8B37-4644-A2D5-2C879D57CF68}.Release|Any CPU.Build.0 = Release|Any CPU
	EndGlobalSection
	GlobalSection(SolutionProperties) = preSolution
		HideSolutionNode = FALSE
	EndGlobalSection
	GlobalSection(ExtensibilityGlobals) = postSolution
		SolutionGuid = {91454183-5C54-4B43-BE4D-698078737265}
	EndGlobalSection
EndGlobal
