
Microsoft Visual Studio Solution File, Format Version 12.00
# Visual Studio Version 17
VisualStudioVersion = 17.8.34322.80
MinimumVisualStudioVersion = 10.0.40219.1
Project("{FAE04EC0-301F-11D3-BF4B-00C04F79EFBC}") = "Ascending", "Ascending\Ascending.csproj", "{37F04DE8-7170-406C-B967-4181A4BF5456}"
EndProject
Global
	GlobalSection(SolutionConfigurationPlatforms) = preSolution
		Debug|Any CPU = Debug|Any CPU
		Release|Any CPU = Release|Any CPU
	EndGlobalSection
	GlobalSection(ProjectConfigurationPlatforms) = postSolution
		{37F04DE8-7170-406C-B967-4181A4BF5456}.Debug|Any CPU.ActiveCfg = Debug|Any CPU
		{37F04DE8-7170-406C-B967-4181A4BF5456}.Debug|Any CPU.Build.0 = Debug|Any CPU
		{37F04DE8-7170-406C-B967-4181A4BF5456}.Release|Any CPU.ActiveCfg = Release|Any CPU
		{37F04DE8-7170-406C-B967-4181A4BF5456}.Release|Any CPU.Build.0 = Release|Any CPU
	EndGlobalSection
	GlobalSection(SolutionProperties) = preSolution
		HideSolutionNode = FALSE
	EndGlobalSection
	GlobalSection(ExtensibilityGlobals) = postSolution
		SolutionGuid = {08F30EA6-3912-412E-811C-05FF7F09F70D}
	EndGlobalSection
EndGlobal
