
Microsoft Visual Studio Solution File, Format Version 12.00
# Visual Studio Version 17
VisualStudioVersion = 17.8.34322.80
MinimumVisualStudioVersion = 10.0.40219.1
Project("{FAE04EC0-301F-11D3-BF4B-00C04F79EFBC}") = "TwoMatrix", "TwoMatrix\TwoMatrix.csproj", "{B38A92EB-4A96-4A35-B257-EAE366EF04EB}"
EndProject
Global
	GlobalSection(SolutionConfigurationPlatforms) = preSolution
		Debug|Any CPU = Debug|Any CPU
		Release|Any CPU = Release|Any CPU
	EndGlobalSection
	GlobalSection(ProjectConfigurationPlatforms) = postSolution
		{B38A92EB-4A96-4A35-B257-EAE366EF04EB}.Debug|Any CPU.ActiveCfg = Debug|Any CPU
		{B38A92EB-4A96-4A35-B257-EAE366EF04EB}.Debug|Any CPU.Build.0 = Debug|Any CPU
		{B38A92EB-4A96-4A35-B257-EAE366EF04EB}.Release|Any CPU.ActiveCfg = Release|Any CPU
		{B38A92EB-4A96-4A35-B257-EAE366EF04EB}.Release|Any CPU.Build.0 = Release|Any CPU
	EndGlobalSection
	GlobalSection(SolutionProperties) = preSolution
		HideSolutionNode = FALSE
	EndGlobalSection
	GlobalSection(ExtensibilityGlobals) = postSolution
		SolutionGuid = {2A4C2141-CB0B-401F-9371-73DFC4E509BF}
	EndGlobalSection
EndGlobal
