
Microsoft Visual Studio Solution File, Format Version 12.00
# Visual Studio Version 17
VisualStudioVersion = 17.8.34322.80
MinimumVisualStudioVersion = 10.0.40219.1
Project("{FAE04EC0-301F-11D3-BF4B-00C04F79EFBC}") = "Primeornot", "Primeornot\Primeornot.csproj", "{FF1ED299-EB7F-4D8B-A845-670C79B65C9B}"
EndProject
Global
	GlobalSection(SolutionConfigurationPlatforms) = preSolution
		Debug|Any CPU = Debug|Any CPU
		Release|Any CPU = Release|Any CPU
	EndGlobalSection
	GlobalSection(ProjectConfigurationPlatforms) = postSolution
		{FF1ED299-EB7F-4D8B-A845-670C79B65C9B}.Debug|Any CPU.ActiveCfg = Debug|Any CPU
		{FF1ED299-EB7F-4D8B-A845-670C79B65C9B}.Debug|Any CPU.Build.0 = Debug|Any CPU
		{FF1ED299-EB7F-4D8B-A845-670C79B65C9B}.Release|Any CPU.ActiveCfg = Release|Any CPU
		{FF1ED299-EB7F-4D8B-A845-670C79B65C9B}.Release|Any CPU.Build.0 = Release|Any CPU
	EndGlobalSection
	GlobalSection(SolutionProperties) = preSolution
		HideSolutionNode = FALSE
	EndGlobalSection
	GlobalSection(ExtensibilityGlobals) = postSolution
		SolutionGuid = {57BAC625-D0E3-4281-8020-9C56EE54D9EF}
	EndGlobalSection
EndGlobal
