
Microsoft Visual Studio Solution File, Format Version 12.00
# Visual Studio Version 17
VisualStudioVersion = 17.8.34322.80
MinimumVisualStudioVersion = 10.0.40219.1
Project("{FAE04EC0-301F-11D3-BF4B-00C04F79EFBC}") = "indexer", "indexer\indexer.csproj", "{EFE62DEB-AC5B-4272-958E-68838BA9F674}"
EndProject
Global
	GlobalSection(SolutionConfigurationPlatforms) = preSolution
		Debug|Any CPU = Debug|Any CPU
		Release|Any CPU = Release|Any CPU
	EndGlobalSection
	GlobalSection(ProjectConfigurationPlatforms) = postSolution
		{EFE62DEB-AC5B-4272-958E-68838BA9F674}.Debug|Any CPU.ActiveCfg = Debug|Any CPU
		{EFE62DEB-AC5B-4272-958E-68838BA9F674}.Debug|Any CPU.Build.0 = Debug|Any CPU
		{EFE62DEB-AC5B-4272-958E-68838BA9F674}.Release|Any CPU.ActiveCfg = Release|Any CPU
		{EFE62DEB-AC5B-4272-958E-68838BA9F674}.Release|Any CPU.Build.0 = Release|Any CPU
	EndGlobalSection
	GlobalSection(SolutionProperties) = preSolution
		HideSolutionNode = FALSE
	EndGlobalSection
	GlobalSection(ExtensibilityGlobals) = postSolution
		SolutionGuid = {88BF34D0-2FFA-452D-AD0C-A6413DCC33A9}
	EndGlobalSection
EndGlobal
