
Microsoft Visual Studio Solution File, Format Version 12.00
# Visual Studio Version 17
VisualStudioVersion = 17.8.34322.80
MinimumVisualStudioVersion = 10.0.40219.1
Project("{FAE04EC0-301F-11D3-BF4B-00C04F79EFBC}") = "Biggest4", "Biggest4\Biggest4.csproj", "{5DBF082E-FD36-4C91-A2DE-910EC1A9DD7D}"
EndProject
Global
	GlobalSection(SolutionConfigurationPlatforms) = preSolution
		Debug|Any CPU = Debug|Any CPU
		Release|Any CPU = Release|Any CPU
	EndGlobalSection
	GlobalSection(ProjectConfigurationPlatforms) = postSolution
		{5DBF082E-FD36-4C91-A2DE-910EC1A9DD7D}.Debug|Any CPU.ActiveCfg = Debug|Any CPU
		{5DBF082E-FD36-4C91-A2DE-910EC1A9DD7D}.Debug|Any CPU.Build.0 = Debug|Any CPU
		{5DBF082E-FD36-4C91-A2DE-910EC1A9DD7D}.Release|Any CPU.ActiveCfg = Release|Any CPU
		{5DBF082E-FD36-4C91-A2DE-910EC1A9DD7D}.Release|Any CPU.Build.0 = Release|Any CPU
	EndGlobalSection
	GlobalSection(SolutionProperties) = preSolution
		HideSolutionNode = FALSE
	EndGlobalSection
	GlobalSection(ExtensibilityGlobals) = postSolution
		SolutionGuid = {82C35255-FBB1-4F26-913E-2BCCACACEF94}
	EndGlobalSection
EndGlobal
