
Microsoft Visual Studio Solution File, Format Version 12.00
# Visual Studio Version 17
VisualStudioVersion = 17.8.34322.80
MinimumVisualStudioVersion = 10.0.40219.1
Project("{FAE04EC0-301F-11D3-BF4B-00C04F79EFBC}") = "Alphabetical", "Alphabetical\Alphabetical.csproj", "{512A3F2C-B927-4339-A5F2-53BF7E8C10E7}"
EndProject
Global
	GlobalSection(SolutionConfigurationPlatforms) = preSolution
		Debug|Any CPU = Debug|Any CPU
		Release|Any CPU = Release|Any CPU
	EndGlobalSection
	GlobalSection(ProjectConfigurationPlatforms) = postSolution
		{512A3F2C-B927-4339-A5F2-53BF7E8C10E7}.Debug|Any CPU.ActiveCfg = Debug|Any CPU
		{512A3F2C-B927-4339-A5F2-53BF7E8C10E7}.Debug|Any CPU.Build.0 = Debug|Any CPU
		{512A3F2C-B927-4339-A5F2-53BF7E8C10E7}.Release|Any CPU.ActiveCfg = Release|Any CPU
		{512A3F2C-B927-4339-A5F2-53BF7E8C10E7}.Release|Any CPU.Build.0 = Release|Any CPU
	EndGlobalSection
	GlobalSection(SolutionProperties) = preSolution
		HideSolutionNode = FALSE
	EndGlobalSection
	GlobalSection(ExtensibilityGlobals) = postSolution
		SolutionGuid = {3CBE6C5C-E841-448B-A297-96DB64FA3A27}
	EndGlobalSection
EndGlobal
