
Microsoft Visual Studio Solution File, Format Version 12.00
# Visual Studio Version 17
VisualStudioVersion = 17.8.34322.80
MinimumVisualStudioVersion = 10.0.40219.1
Project("{FAE04EC0-301F-11D3-BF4B-00C04F79EFBC}") = "smallest", "smallest\smallest.csproj", "{B2E5ECDA-BBA8-4420-89CE-E1A0B47B477B}"
EndProject
Global
	GlobalSection(SolutionConfigurationPlatforms) = preSolution
		Debug|Any CPU = Debug|Any CPU
		Release|Any CPU = Release|Any CPU
	EndGlobalSection
	GlobalSection(ProjectConfigurationPlatforms) = postSolution
		{B2E5ECDA-BBA8-4420-89CE-E1A0B47B477B}.Debug|Any CPU.ActiveCfg = Debug|Any CPU
		{B2E5ECDA-BBA8-4420-89CE-E1A0B47B477B}.Debug|Any CPU.Build.0 = Debug|Any CPU
		{B2E5ECDA-BBA8-4420-89CE-E1A0B47B477B}.Release|Any CPU.ActiveCfg = Release|Any CPU
		{B2E5ECDA-BBA8-4420-89CE-E1A0B47B477B}.Release|Any CPU.Build.0 = Release|Any CPU
	EndGlobalSection
	GlobalSection(SolutionProperties) = preSolution
		HideSolutionNode = FALSE
	EndGlobalSection
	GlobalSection(ExtensibilityGlobals) = postSolution
		SolutionGuid = {F672DC4A-C289-408C-B175-44532C00C3A0}
	EndGlobalSection
EndGlobal
