
Microsoft Visual Studio Solution File, Format Version 12.00
# Visual Studio Version 17
VisualStudioVersion = 17.8.34322.80
MinimumVisualStudioVersion = 10.0.40219.1
Project("{FAE04EC0-301F-11D3-BF4B-00C04F79EFBC}") = "Divisible1", "Divisible1\Divisible1.csproj", "{1F9CFCB4-6769-427D-A2A8-5F7D8B61AF60}"
EndProject
Global
	GlobalSection(SolutionConfigurationPlatforms) = preSolution
		Debug|Any CPU = Debug|Any CPU
		Release|Any CPU = Release|Any CPU
	EndGlobalSection
	GlobalSection(ProjectConfigurationPlatforms) = postSolution
		{1F9CFCB4-6769-427D-A2A8-5F7D8B61AF60}.Debug|Any CPU.ActiveCfg = Debug|Any CPU
		{1F9CFCB4-6769-427D-A2A8-5F7D8B61AF60}.Debug|Any CPU.Build.0 = Debug|Any CPU
		{1F9CFCB4-6769-427D-A2A8-5F7D8B61AF60}.Release|Any CPU.ActiveCfg = Release|Any CPU
		{1F9CFCB4-6769-427D-A2A8-5F7D8B61AF60}.Release|Any CPU.Build.0 = Release|Any CPU
	EndGlobalSection
	GlobalSection(SolutionProperties) = preSolution
		HideSolutionNode = FALSE
	EndGlobalSection
	GlobalSection(ExtensibilityGlobals) = postSolution
		SolutionGuid = {57800726-C41D-4492-AF78-EFA198D9BE93}
	EndGlobalSection
EndGlobal
