
Microsoft Visual Studio Solution File, Format Version 12.00
# Visual Studio Version 17
VisualStudioVersion = 17.8.34322.80
MinimumVisualStudioVersion = 10.0.40219.1
Project("{FAE04EC0-301F-11D3-BF4B-00C04F79EFBC}") = "sumNatural", "sumNatural\sumNatural.csproj", "{3C890475-8208-45D5-BD33-065CB60BC0E4}"
EndProject
Global
	GlobalSection(SolutionConfigurationPlatforms) = preSolution
		Debug|Any CPU = Debug|Any CPU
		Release|Any CPU = Release|Any CPU
	EndGlobalSection
	GlobalSection(ProjectConfigurationPlatforms) = postSolution
		{3C890475-8208-45D5-BD33-065CB60BC0E4}.Debug|Any CPU.ActiveCfg = Debug|Any CPU
		{3C890475-8208-45D5-BD33-065CB60BC0E4}.Debug|Any CPU.Build.0 = Debug|Any CPU
		{3C890475-8208-45D5-BD33-065CB60BC0E4}.Release|Any CPU.ActiveCfg = Release|Any CPU
		{3C890475-8208-45D5-BD33-065CB60BC0E4}.Release|Any CPU.Build.0 = Release|Any CPU
	EndGlobalSection
	GlobalSection(SolutionProperties) = preSolution
		HideSolutionNode = FALSE
	EndGlobalSection
	GlobalSection(ExtensibilityGlobals) = postSolution
		SolutionGuid = {A5C71DEF-200C-4AAB-9DD1-71E107AA806E}
	EndGlobalSection
EndGlobal
