
Microsoft Visual Studio Solution File, Format Version 12.00
# Visual Studio Version 17
VisualStudioVersion = 17.8.34322.80
MinimumVisualStudioVersion = 10.0.40219.1
Project("{FAE04EC0-301F-11D3-BF4B-00C04F79EFBC}") = "Biggest2", "Biggest2\Biggest2.csproj", "{11262DD3-0887-4D02-A403-B6A3ECB13A4F}"
EndProject
Global
	GlobalSection(SolutionConfigurationPlatforms) = preSolution
		Debug|Any CPU = Debug|Any CPU
		Release|Any CPU = Release|Any CPU
	EndGlobalSection
	GlobalSection(ProjectConfigurationPlatforms) = postSolution
		{11262DD3-0887-4D02-A403-B6A3ECB13A4F}.Debug|Any CPU.ActiveCfg = Debug|Any CPU
		{11262DD3-0887-4D02-A403-B6A3ECB13A4F}.Debug|Any CPU.Build.0 = Debug|Any CPU
		{11262DD3-0887-4D02-A403-B6A3ECB13A4F}.Release|Any CPU.ActiveCfg = Release|Any CPU
		{11262DD3-0887-4D02-A403-B6A3ECB13A4F}.Release|Any CPU.Build.0 = Release|Any CPU
	EndGlobalSection
	GlobalSection(SolutionProperties) = preSolution
		HideSolutionNode = FALSE
	EndGlobalSection
	GlobalSection(ExtensibilityGlobals) = postSolution
		SolutionGuid = {FB45B477-3515-44FD-BDF8-D55CDE70947E}
	EndGlobalSection
EndGlobal
